// !$*UTF8*$!
{
	archiveVersion = 1;
	classes = {
	};
	objectVersion = 50;
	objects = {

/* Begin PBXBuildFile section */
		6A92043D22C1ED4F00BC5524 /* AppDelegate.m in Sources */ = {isa = PBXBuildFile; fileRef = 6A92043C22C1ED4F00BC5524 /* AppDelegate.m */; };
		6A92044322C1ED4F00BC5524 /* Main.storyboard in Resources */ = {isa = PBXBuildFile; fileRef = 6A92044122C1ED4F00BC5524 /* Main.storyboard */; };
		6A92044522C1ED5000BC5524 /* Assets.xcassets in Resources */ = {isa = PBXBuildFile; fileRef = 6A92044422C1ED5000BC5524 /* Assets.xcassets */; };
		6A92044822C1ED5000BC5524 /* LaunchScreen.storyboard in Resources */ = {isa = PBXBuildFile; fileRef = 6A92044622C1ED5000BC5524 /* LaunchScreen.storyboard */; };
		6A92044B22C1ED5000BC5524 /* main.m in Sources */ = {isa = PBXBuildFile; fileRef = 6A92044A22C1ED5000BC5524 /* main.m */; };
		6A92045522C1ED5000BC5524 /* KoreaLandMarksAppTests.m in Sources */ = {isa = PBXBuildFile; fileRef = 6A92045422C1ED5000BC5524 /* KoreaLandMarksAppTests.m */; };
		6A92046022C1ED5000BC5524 /* KoreaLandMarksAppUITests.m in Sources */ = {isa = PBXBuildFile; fileRef = 6A92045F22C1ED5000BC5524 /* KoreaLandMarksAppUITests.m */; };
		6A92046F22C1F2EE00BC5524 /* TableViewCell.m in Sources */ = {isa = PBXBuildFile; fileRef = 6A92046E22C1F2EE00BC5524 /* TableViewCell.m */; };
		6A92047222C1F30100BC5524 /* TableViewController.m in Sources */ = {isa = PBXBuildFile; fileRef = 6A92047122C1F30100BC5524 /* TableViewController.m */; };
		6A92047422C1F56900BC5524 /* LandMarks.plist in Resources */ = {isa = PBXBuildFile; fileRef = 6A92047322C1F56900BC5524 /* LandMarks.plist */; };
/* End PBXBuildFile section */

/* Begin PBXContainerItemProxy section */
		6A92045122C1ED5000BC5524 /* PBXContainerItemProxy */ = {
			isa = PBXContainerItemProxy;
			containerPortal = 6A92043022C1ED4F00BC5524 /* Project object */;
			proxyType = 1;
			remoteGlobalIDString = 6A92043722C1ED4F00BC5524;
			remoteInfo = KoreaLandMarksApp;
		};
		6A92045C22C1ED5000BC5524 /* PBXContainerItemProxy */ = {
			isa = PBXContainerItemProxy;
			containerPortal = 6A92043022C1ED4F00BC5524 /* Project object */;
			proxyType = 1;
			remoteGlobalIDString = 6A92043722C1ED4F00BC5524;
			remoteInfo = KoreaLandMarksApp;
		};
/* End PBXContainerItemProxy section */

/* Begin PBXFileReference section */
		6A92043822C1ED4F00BC5524 /* KoreaLandMarksApp.app */ = {isa = PBXFileReference; explicitFileType = wrapper.application; includeInIndex = 0; path = KoreaLandMarksApp.app; sourceTree = BUILT_PRODUCTS_DIR; };
		6A92043B22C1ED4F00BC5524 /* AppDelegate.h */ = {isa = PBXFileReference; lastKnownFileType = sourcecode.c.h; path = AppDelegate.h; sourceTree = "<group>"; };
		6A92043C22C1ED4F00BC5524 /* AppDelegate.m */ = {isa = PBXFileReference; lastKnownFileType = sourcecode.c.objc; path = AppDelegate.m; sourceTree = "<group>"; };
		6A92044222C1ED4F00BC5524 /* Base */ = {isa = PBXFileReference; lastKnownFileType = file.storyboard; name = Base; path = Base.lproj/Main.storyboard; sourceTree = "<group>"; };
		6A92044422C1ED5000BC5524 /* Assets.xcassets */ = {isa = PBXFileReference; lastKnownFileType = folder.assetcatalog; path = Assets.xcassets; sourceTree = "<group>"; };
		6A92044722C1ED5000BC5524 /* Base */ = {isa = PBXFileReference; lastKnownFileType = file.storyboard; name = Base; path = Base.lproj/LaunchScreen.storyboard; sourceTree = "<group>"; };
		6A92044922C1ED5000BC5524 /* Info.plist */ = {isa = PBXFileReference; lastKnownFileType = text.plist.xml; path = Info.plist; sourceTree = "<group>"; };
		6A92044A22C1ED5000BC5524 /* main.m */ = {isa = PBXFileReference; lastKnownFileType = sourcecode.c.objc; path = main.m; sourceTree = "<group>"; };
		6A92045022C1ED5000BC5524 /* KoreaLandMarksAppTests.xctest */ = {isa = PBXFileReference; explicitFileType = wrapper.cfbundle; includeInIndex = 0; path = KoreaLandMarksAppTests.xctest; sourceTree = BUILT_PRODUCTS_DIR; };
		6A92045422C1ED5000BC5524 /* KoreaLandMarksAppTests.m */ = {isa = PBXFileReference; lastKnownFileType = sourcecode.c.objc; path = KoreaLandMarksAppTests.m; sourceTree = "<group>"; };
		6A92045622C1ED5000BC5524 /* Info.plist */ = {isa = PBXFileReference; lastKnownFileType = text.plist.xml; path = Info.plist; sourceTree = "<group>"; };
		6A92045B22C1ED5000BC5524 /* KoreaLandMarksAppUITests.xctest */ = {isa = PBXFileReference; explicitFileType = wrapper.cfbundle; includeInIndex = 0; path = KoreaLandMarksAppUITests.xctest; sourceTree = BUILT_PRODUCTS_DIR; };
		6A92045F22C1ED5000BC5524 /* KoreaLandMarksAppUITests.m */ = {isa = PBXFileReference; lastKnownFileType = sourcecode.c.objc; path = KoreaLandMarksAppUITests.m; sourceTree = "<group>"; };
		6A92046122C1ED5000BC5524 /* Info.plist */ = {isa = PBXFileReference; lastKnownFileType = text.plist.xml; path = Info.plist; sourceTree = "<group>"; };
		6A92046D22C1F2EE00BC5524 /* TableViewCell.h */ = {isa = PBXFileReference; lastKnownFileType = sourcecode.c.h; path = TableViewCell.h; sourceTree = "<group>"; };
		6A92046E22C1F2EE00BC5524 /* TableViewCell.m */ = {isa = PBXFileReference; lastKnownFileType = sourcecode.c.objc; path = TableViewCell.m; sourceTree = "<group>"; };
		6A92047022C1F30100BC5524 /* TableViewController.h */ = {isa = PBXFileReference; lastKnownFileType = sourcecode.c.h; path = TableViewController.h; sourceTree = "<group>"; };
		6A92047122C1F30100BC5524 /* TableViewController.m */ = {isa = PBXFileReference; lastKnownFileType = sourcecode.c.objc; path = TableViewController.m; sourceTree = "<group>"; };
		6A92047322C1F56900BC5524 /* LandMarks.plist */ = {isa = PBXFileReference; lastKnownFileType = text.plist.xml; path = LandMarks.plist; sourceTree = "<group>"; };
/* End PBXFileReference section */

/* Begin PBXFrameworksBuildPhase section */
		6A92043522C1ED4F00BC5524 /* Frameworks */ = {
			isa = PBXFrameworksBuildPhase;
			buildActionMask = 2147483647;
			files = (
			);
			runOnlyForDeploymentPostprocessing = 0;
		};
		6A92044D22C1ED5000BC5524 /* Frameworks */ = {
			isa = PBXFrameworksBuildPhase;
			buildActionMask = 2147483647;
			files = (
			);
			runOnlyForDeploymentPostprocessing = 0;
		};
		6A92045822C1ED5000BC5524 /* Frameworks */ = {
			isa = PBXFrameworksBuildPhase;
			buildActionMask = 2147483647;
			files = (
			);
			runOnlyForDeploymentPostprocessing = 0;
		};
/* End PBXFrameworksBuildPhase section */

/* Begin PBXGroup section */
		6A92042F22C1ED4F00BC5524 = {
			isa = PBXGroup;
			children = (
				6A92043A22C1ED4F00BC5524 /* KoreaLandMarksApp */,
				6A92045322C1ED5000BC5524 /* KoreaLandMarksAppTests */,
				6A92045E22C1ED5000BC5524 /* KoreaLandMarksAppUITests */,
				6A92043922C1ED4F00BC5524 /* Products */,
			);
			sourceTree = "<group>";
		};
		6A92043922C1ED4F00BC5524 /* Products */ = {
			isa = PBXGroup;
			children = (
				6A92043822C1ED4F00BC5524 /* KoreaLandMarksApp.app */,
				6A92045022C1ED5000BC5524 /* KoreaLandMarksAppTests.xctest */,
				6A92045B22C1ED5000BC5524 /* KoreaLandMarksAppUITests.xctest */,
			);
			name = Products;
			sourceTree = "<group>";
		};
		6A92043A22C1ED4F00BC5524 /* KoreaLandMarksApp */ = {
			isa = PBXGroup;
			children = (
				6A92043B22C1ED4F00BC5524 /* AppDelegate.h */,
				6A92043C22C1ED4F00BC5524 /* AppDelegate.m */,
				6A92047022C1F30100BC5524 /* TableViewController.h */,
				6A92047122C1F30100BC5524 /* TableViewController.m */,
				6A92046D22C1F2EE00BC5524 /* TableViewCell.h */,
				6A92046E22C1F2EE00BC5524 /* TableViewCell.m */,
				6A92044122C1ED4F00BC5524 /* Main.storyboard */,
				6A92044422C1ED5000BC5524 /* Assets.xcassets */,
				6A92044622C1ED5000BC5524 /* LaunchScreen.storyboard */,
				6A92044922C1ED5000BC5524 /* Info.plist */,
				6A92044A22C1ED5000BC5524 /* main.m */,
				6A92047322C1F56900BC5524 /* LandMarks.plist */,
			);
			path = KoreaLandMarksApp;
			sourceTree = "<group>";
		};
		6A92045322C1ED5000BC5524 /* KoreaLandMarksAppTests */ = {
			isa = PBXGroup;
			children = (
				6A92045422C1ED5000BC5524 /* KoreaLandMarksAppTests.m */,
				6A92045622C1ED5000BC5524 /* Info.plist */,
			);
			path = KoreaLandMarksAppTests;
			sourceTree = "<group>";
		};
		6A92045E22C1ED5000BC5524 /* KoreaLandMarksAppUITests */ = {
			isa = PBXGroup;
			children = (
				6A92045F22C1ED5000BC5524 /* KoreaLandMarksAppUITests.m */,
				6A92046122C1ED5000BC5524 /* Info.plist */,
			);
			path = KoreaLandMarksAppUITests;
			sourceTree = "<group>";
		};
/* End PBXGroup section */

/* Begin PBXNativeTarget section */
		6A92043722C1ED4F00BC5524 /* KoreaLandMarksApp */ = {
			isa = PBXNativeTarget;
			buildConfigurationList = 6A92046422C1ED5000BC5524 /* Build configuration list for PBXNativeTarget "KoreaLandMarksApp" */;
			buildPhases = (
				6A92043422C1ED4F00BC5524 /* Sources */,
				6A92043522C1ED4F00BC5524 /* Frameworks */,
				6A92043622C1ED4F00BC5524 /* Resources */,
			);
			buildRules = (
			);
			dependencies = (
			);
			name = KoreaLandMarksApp;
			productName = KoreaLandMarksApp;
			productReference = 6A92043822C1ED4F00BC5524 /* KoreaLandMarksApp.app */;
			productType = "com.apple.product-type.application";
		};
		6A92044F22C1ED5000BC5524 /* KoreaLandMarksAppTests */ = {
			isa = PBXNativeTarget;
			buildConfigurationList = 6A92046722C1ED5000BC5524 /* Build configuration list for PBXNativeTarget "KoreaLandMarksAppTests" */;
			buildPhases = (
				6A92044C22C1ED5000BC5524 /* Sources */,
				6A92044D22C1ED5000BC5524 /* Frameworks */,
				6A92044E22C1ED5000BC5524 /* Resources */,
			);
			buildRules = (
			);
			dependencies = (
				6A92045222C1ED5000BC5524 /* PBXTargetDependency */,
			);
			name = KoreaLandMarksAppTests;
			productName = KoreaLandMarksAppTests;
			productReference = 6A92045022C1ED5000BC5524 /* KoreaLandMarksAppTests.xctest */;
			productType = "com.apple.product-type.bundle.unit-test";
		};
		6A92045A22C1ED5000BC5524 /* KoreaLandMarksAppUITests */ = {
			isa = PBXNativeTarget;
			buildConfigurationList = 6A92046A22C1ED5000BC5524 /* Build configuration list for PBXNativeTarget "KoreaLandMarksAppUITests" */;
			buildPhases = (
				6A92045722C1ED5000BC5524 /* Sources */,
				6A92045822C1ED5000BC5524 /* Frameworks */,
				6A92045922C1ED5000BC5524 /* Resources */,
			);
			buildRules = (
			);
			dependencies = (
				6A92045D22C1ED5000BC5524 /* PBXTargetDependency */,
			);
			name = KoreaLandMarksAppUITests;
			productName = KoreaLandMarksAppUITests;
			productReference = 6A92045B22C1ED5000BC5524 /* KoreaLandMarksAppUITests.xctest */;
			productType = "com.apple.product-type.bundle.ui-testing";
		};
/* End PBXNativeTarget section */

/* Begin PBXProject section */
		6A92043022C1ED4F00BC5524 /* Project object */ = {
			isa = PBXProject;
			attributes = {
				LastUpgradeCheck = 1010;
				ORGANIZATIONNAME = Tuentuenna;
				TargetAttributes = {
					6A92043722C1ED4F00BC5524 = {
						CreatedOnToolsVersion = 10.1;
					};
					6A92044F22C1ED5000BC5524 = {
						CreatedOnToolsVersion = 10.1;
						TestTargetID = 6A92043722C1ED4F00BC5524;
					};
					6A92045A22C1ED5000BC5524 = {
						CreatedOnToolsVersion = 10.1;
						TestTargetID = 6A92043722C1ED4F00BC5524;
					};
				};
			};
			buildConfigurationList = 6A92043322C1ED4F00BC5524 /* Build configuration list for PBXProject "KoreaLandMarksApp" */;
			compatibilityVersion = "Xcode 9.3";
			developmentRegion = en;
			hasScannedForEncodings = 0;
			knownRegions = (
				en,
				Base,
			);
			mainGroup = 6A92042F22C1ED4F00BC5524;
			productRefGroup = 6A92043922C1ED4F00BC5524 /* Products */;
			projectDirPath = "";
			projectRoot = "";
			targets = (
				6A92043722C1ED4F00BC5524 /* KoreaLandMarksApp */,
				6A92044F22C1ED5000BC5524 /* KoreaLandMarksAppTests */,
				6A92045A22C1ED5000BC5524 /* KoreaLandMarksAppUITests */,
			);
		};
/* End PBXProject section */

/* Begin PBXResourcesBuildPhase section */
		6A92043622C1ED4F00BC5524 /* Resources */ = {
			isa = PBXResourcesBuildPhase;
			buildActionMask = 2147483647;
			files = (
				6A92044822C1ED5000BC5524 /* LaunchScreen.storyboard in Resources */,
				6A92044522C1ED5000BC5524 /* Assets.xcassets in Resources */,
				6A92047422C1F56900BC5524 /* LandMarks.plist in Resources */,
				6A92044322C1ED4F00BC5524 /* Main.storyboard in Resources */,
			);
			runOnlyForDeploymentPostprocessing = 0;
		};
		6A92044E22C1ED5000BC5524 /* Resources */ = {
			isa = PBXResourcesBuildPhase;
			buildActionMask = 2147483647;
			files = (
			);
			runOnlyForDeploymentPostprocessing = 0;
		};
		6A92045922C1ED5000BC5524 /* Resources */ = {
			isa = PBXResourcesBuildPhase;
			buildActionMask = 2147483647;
			files = (
			);
			runOnlyForDeploymentPostprocessing = 0;
		};
/* End PBXResourcesBuildPhase section */

/* Begin PBXSourcesBuildPhase section */
		6A92043422C1ED4F00BC5524 /* Sources */ = {
			isa = PBXSourcesBuildPhase;
			buildActionMask = 2147483647;
			files = (
				6A92044B22C1ED5000BC5524 /* main.m in Sources */,
				6A92046F22C1F2EE00BC5524 /* TableViewCell.m in Sources */,
				6A92043D22C1ED4F00BC5524 /* AppDelegate.m in Sources */,
				6A92047222C1F30100BC5524 /* TableViewController.m in Sources */,
			);
			runOnlyForDeploymentPostprocessing = 0;
		};
		6A92044C22C1ED5000BC5524 /* Sources */ = {
			isa = PBXSourcesBuildPhase;
			buildActionMask = 2147483647;
			files = (
				6A92045522C1ED5000BC5524 /* KoreaLandMarksAppTests.m in Sources */,
			);
			runOnlyForDeploymentPostprocessing = 0;
		};
		6A92045722C1ED5000BC5524 /* Sources */ = {
			isa = PBXSourcesBuildPhase;
			buildActionMask = 2147483647;
			files = (
				6A92046022C1ED5000BC5524 /* KoreaLandMarksAppUITests.m in Sources */,
			);
			runOnlyForDeploymentPostprocessing = 0;
		};
/* End PBXSourcesBuildPhase section */

/* Begin PBXTargetDependency section */
		6A92045222C1ED5000BC5524 /* PBXTargetDependency */ = {
			isa = PBXTargetDependency;
			target = 6A92043722C1ED4F00BC5524 /* KoreaLandMarksApp */;
			targetProxy = 6A92045122C1ED5000BC5524 /* PBXContainerItemProxy */;
		};
		6A92045D22C1ED5000BC5524 /* PBXTargetDependency */ = {
			isa = PBXTargetDependency;
			target = 6A92043722C1ED4F00BC5524 /* KoreaLandMarksApp */;
			targetProxy = 6A92045C22C1ED5000BC5524 /* PBXContainerItemProxy */;
		};
/* End PBXTargetDependency section */

/* Begin PBXVariantGroup section */
		6A92044122C1ED4F00BC5524 /* Main.storyboard */ = {
			isa = PBXVariantGroup;
			children = (
				6A92044222C1ED4F00BC5524 /* Base */,
			);
			name = Main.storyboard;
			sourceTree = "<group>";
		};
		6A92044622C1ED5000BC5524 /* LaunchScreen.storyboard */ = {
			isa = PBXVariantGroup;
			children = (
				6A92044722C1ED5000BC5524 /* Base */,
			);
			name = LaunchScreen.storyboard;
			sourceTree = "<group>";
		};
/* End PBXVariantGroup section */

/* Begin XCBuildConfiguration section */
		6A92046222C1ED5000BC5524 /* Debug */ = {
			isa = XCBuildConfiguration;
			buildSettings = {
				ALWAYS_SEARCH_USER_PATHS = NO;
				CLANG_ANALYZER_NONNULL = YES;
				CLANG_ANALYZER_NUMBER_OBJECT_CONVERSION = YES_AGGRESSIVE;
				CLANG_CXX_LANGUAGE_STANDARD = "gnu++14";
				CLANG_CXX_LIBRARY = "libc++";
				CLANG_ENABLE_MODULES = YES;
				CLANG_ENABLE_OBJC_ARC = YES;
				CLANG_ENABLE_OBJC_WEAK = YES;
				CLANG_WARN_BLOCK_CAPTURE_AUTORELEASING = YES;
				CLANG_WARN_BOOL_CONVERSION = YES;
				CLANG_WARN_COMMA = YES;
				CLANG_WARN_CONSTANT_CONVERSION = YES;
				CLANG_WARN_DEPRECATED_OBJC_IMPLEMENTATIONS = YES;
				CLANG_WARN_DIRECT_OBJC_ISA_USAGE = YES_ERROR;
				CLANG_WARN_DOCUMENTATION_COMMENTS = YES;
				CLANG_WARN_EMPTY_BODY = YES;
				CLANG_WARN_ENUM_CONVERSION = YES;
				CLANG_WARN_INFINITE_RECURSION = YES;
				CLANG_WARN_INT_CONVERSION = YES;
				CLANG_WARN_NON_LITERAL_NULL_CONVERSION = YES;
				CLANG_WARN_OBJC_IMPLICIT_RETAIN_SELF = YES;
				CLANG_WARN_OBJC_LITERAL_CONVERSION = YES;
				CLANG_WARN_OBJC_ROOT_CLASS = YES_ERROR;
				CLANG_WARN_RANGE_LOOP_ANALYSIS = YES;
				CLANG_WARN_STRICT_PROTOTYPES = YES;
				CLANG_WARN_SUSPICIOUS_MOVE = YES;
				CLANG_WARN_UNGUARDED_AVAILABILITY = YES_AGGRESSIVE;
				CLANG_WARN_UNREACHABLE_CODE = YES;
				CLANG_WARN__DUPLICATE_METHOD_MATCH = YES;
				CODE_SIGN_IDENTITY = "iPhone Developer";
				COPY_PHASE_STRIP = NO;
				DEBUG_INFORMATION_FORMAT = dwarf;
				ENABLE_STRICT_OBJC_MSGSEND = YES;
				ENABLE_TESTABILITY = YES;
				GCC_C_LANGUAGE_STANDARD = gnu11;
				GCC_DYNAMIC_NO_PIC = NO;
				GCC_NO_COMMON_BLOCKS = YES;
				GCC_OPTIMIZATION_LEVEL = 0;
				GCC_PREPROCESSOR_DEFINITIONS = (
					"DEBUG=1",
					"$(inherited)",
				);
				GCC_WARN_64_TO_32_BIT_CONVERSION = YES;
				GCC_WARN_ABOUT_RETURN_TYPE = YES_ERROR;
				GCC_WARN_UNDECLARED_SELECTOR = YES;
				GCC_WARN_UNINITIALIZED_AUTOS = YES_AGGRESSIVE;
				GCC_WARN_UNUSED_FUNCTION = YES;
				GCC_WARN_UNUSED_VARIABLE = YES;
				IPHONEOS_DEPLOYMENT_TARGET = 12.1;
				MTL_ENABLE_DEBUG_INFO = INCLUDE_SOURCE;
				MTL_FAST_MATH = YES;
				ONLY_ACTIVE_ARCH = YES;
				SDKROOT = iphoneos;
			};
			name = Debug;
		};
		6A92046322C1ED5000BC5524 /* Release */ = {
			isa = XCBuildConfiguration;
			buildSettings = {
				ALWAYS_SEARCH_USER_PATHS = NO;
				CLANG_ANALYZER_NONNULL = YES;
				CLANG_ANALYZER_NUMBER_OBJECT_CONVERSION = YES_AGGRESSIVE;
				CLANG_CXX_LANGUAGE_STANDARD = "gnu++14";
				CLANG_CXX_LIBRARY = "libc++";
				CLANG_ENABLE_MODULES = YES;
				CLANG_ENABLE_OBJC_ARC = YES;
				CLANG_ENABLE_OBJC_WEAK = YES;
				CLANG_WARN_BLOCK_CAPTURE_AUTORELEASING = YES;
				CLANG_WARN_BOOL_CONVERSION = YES;
				CLANG_WARN_COMMA = YES;
				CLANG_WARN_CONSTANT_CONVERSION = YES;
				CLANG_WARN_DEPRECATED_OBJC_IMPLEMENTATIONS = YES;
				CLANG_WARN_DIRECT_OBJC_ISA_USAGE = YES_ERROR;
				CLANG_WARN_DOCUMENTATION_COMMENTS = YES;
				CLANG_WARN_EMPTY_BODY = YES;
				CLANG_WARN_ENUM_CONVERSION = YES;
				CLANG_WARN_INFINITE_RECURSION = YES;
				CLANG_WARN_INT_CONVERSION = YES;
				CLANG_WARN_NON_LITERAL_NULL_CONVERSION = YES;
				CLANG_WARN_OBJC_IMPLICIT_RETAIN_SELF = YES;
				CLANG_WARN_OBJC_LITERAL_CONVERSION = YES;
				CLANG_WARN_OBJC_ROOT_CLASS = YES_ERROR;
				CLANG_WARN_RANGE_LOOP_ANALYSIS = YES;
				CLANG_WARN_STRICT_PROTOTYPES = YES;
				CLANG_WARN_SUSPICIOUS_MOVE = YES;
				CLANG_WARN_UNGUARDED_AVAILABILITY = YES_AGGRESSIVE;
				CLANG_WARN_UNREACHABLE_CODE = YES;
				CLANG_WARN__DUPLICATE_METHOD_MATCH = YES;
				CODE_SIGN_IDENTITY = "iPhone Developer";
				COPY_PHASE_STRIP = NO;
				DEBUG_INFORMATION_FORMAT = "dwarf-with-dsym";
				ENABLE_NS_ASSERTIONS = NO;
				ENABLE_STRICT_OBJC_MSGSEND = YES;
				GCC_C_LANGUAGE_STANDARD = gnu11;
				GCC_NO_COMMON_BLOCKS = YES;
				GCC_WARN_64_TO_32_BIT_CONVERSION = YES;
				GCC_WARN_ABOUT_RETURN_TYPE = YES_ERROR;
				GCC_WARN_UNDECLARED_SELECTOR = YES;
				GCC_WARN_UNINITIALIZED_AUTOS = YES_AGGRESSIVE;
				GCC_WARN_UNUSED_FUNCTION = YES;
				GCC_WARN_UNUSED_VARIABLE = YES;
				IPHONEOS_DEPLOYMENT_TARGET = 12.1;
				MTL_ENABLE_DEBUG_INFO = NO;
				MTL_FAST_MATH = YES;
				SDKROOT = iphoneos;
				VALIDATE_PRODUCT = YES;
			};
			name = Release;
		};
		6A92046522C1ED5000BC5524 /* Debug */ = {
			isa = XCBuildConfiguration;
			buildSettings = {
				ASSETCATALOG_COMPILER_APPICON_NAME = AppIcon;
				CODE_SIGN_STYLE = Automatic;
				DEVELOPMENT_TEAM = 67XDG42679;
				INFOPLIST_FILE = KoreaLandMarksApp/Info.plist;
				LD_RUNPATH_SEARCH_PATHS = (
					"$(inherited)",
					"@executable_path/Frameworks",
				);
				PRODUCT_BUNDLE_IDENTIFIER = com.Tuentuenna.KoreaLandMarksApp;
				PRODUCT_NAME = "$(TARGET_NAME)";
				TARGETED_DEVICE_FAMILY = "1,2";
			};
			name = Debug;
		};
		6A92046622C1ED5000BC5524 /* Release */ = {
			isa = XCBuildConfiguration;
			buildSettings = {
				ASSETCATALOG_COMPILER_APPICON_NAME = AppIcon;
				CODE_SIGN_STYLE = Automatic;
				DEVELOPMENT_TEAM = 67XDG42679;
				INFOPLIST_FILE = KoreaLandMarksApp/Info.plist;
				LD_RUNPATH_SEARCH_PATHS = (
					"$(inherited)",
					"@executable_path/Frameworks",
				);
				PRODUCT_BUNDLE_IDENTIFIER = com.Tuentuenna.KoreaLandMarksApp;
				PRODUCT_NAME = "$(TARGET_NAME)";
				TARGETED_DEVICE_FAMILY = "1,2";
			};
			name = Release;
		};
		6A92046822C1ED5000BC5524 /* Debug */ = {
			isa = XCBuildConfiguration;
			buildSettings = {
				BUNDLE_LOADER = "$(TEST_HOST)";
				CODE_SIGN_STYLE = Automatic;
				DEVELOPMENT_TEAM = 67XDG42679;
				INFOPLIST_FILE = KoreaLandMarksAppTests/Info.plist;
				LD_RUNPATH_SEARCH_PATHS = (
					"$(inherited)",
					"@executable_path/Frameworks",
					"@loader_path/Frameworks",
				);
				PRODUCT_BUNDLE_IDENTIFIER = com.Tuentuenna.KoreaLandMarksAppTests;
				PRODUCT_NAME = "$(TARGET_NAME)";
				TARGETED_DEVICE_FAMILY = "1,2";
				TEST_HOST = "$(BUILT_PRODUCTS_DIR)/KoreaLandMarksApp.app/KoreaLandMarksApp";
			};
			name = Debug;
		};
		6A92046922C1ED5000BC5524 /* Release */ = {
			isa = XCBuildConfiguration;
			buildSettings = {
				BUNDLE_LOADER = "$(TEST_HOST)";
				CODE_SIGN_STYLE = Automatic;
				DEVELOPMENT_TEAM = 67XDG42679;
				INFOPLIST_FILE = KoreaLandMarksAppTests/Info.plist;
				LD_RUNPATH_SEARCH_PATHS = (
					"$(inherited)",
					"@executable_path/Frameworks",
					"@loader_path/Frameworks",
				);
				PRODUCT_BUNDLE_IDENTIFIER = com.Tuentuenna.KoreaLandMarksAppTests;
				PRODUCT_NAME = "$(TARGET_NAME)";
				TARGETED_DEVICE_FAMILY = "1,2";
				TEST_HOST = "$(BUILT_PRODUCTS_DIR)/KoreaLandMarksApp.app/KoreaLandMarksApp";
			};
			name = Release;
		};
		6A92046B22C1ED5000BC5524 /* Debug */ = {
			isa = XCBuildConfiguration;
			buildSettings = {
				CODE_SIGN_STYLE = Automatic;
				DEVELOPMENT_TEAM = 67XDG42679;
				INFOPLIST_FILE = KoreaLandMarksAppUITests/Info.plist;
				LD_RUNPATH_SEARCH_PATHS = (
					"$(inherited)",
					"@executable_path/Frameworks",
					"@loader_path/Frameworks",
				);
				PRODUCT_BUNDLE_IDENTIFIER = com.Tuentuenna.KoreaLandMarksAppUITests;
				PRODUCT_NAME = "$(TARGET_NAME)";
				TARGETED_DEVICE_FAMILY = "1,2";
				TEST_TARGET_NAME = KoreaLandMarksApp;
			};
			name = Debug;
		};
		6A92046C22C1ED5000BC5524 /* Release */ = {
			isa = XCBuildConfiguration;
			buildSettings = {
				CODE_SIGN_STYLE = Automatic;
				DEVELOPMENT_TEAM = 67XDG42679;
				INFOPLIST_FILE = KoreaLandMarksAppUITests/Info.plist;
				LD_RUNPATH_SEARCH_PATHS = (
					"$(inherited)",
					"@executable_path/Frameworks",
					"@loader_path/Frameworks",
				);
				PRODUCT_BUNDLE_IDENTIFIER = com.Tuentuenna.KoreaLandMarksAppUITests;
				PRODUCT_NAME = "$(TARGET_NAME)";
				TARGETED_DEVICE_FAMILY = "1,2";
				TEST_TARGET_NAME = KoreaLandMarksApp;
			};
			name = Release;
		};
/* End XCBuildConfiguration section */

/* Begin XCConfigurationList section */
		6A92043322C1ED4F00BC5524 /* Build configuration list for PBXProject "KoreaLandMarksApp" */ = {
			isa = XCConfigurationList;
			buildConfigurations = (
				6A92046222C1ED5000BC5524 /* Debug */,
				6A92046322C1ED5000BC5524 /* Release */,
			);
			defaultConfigurationIsVisible = 0;
			defaultConfigurationName = Release;
		};
		6A92046422C1ED5000BC5524 /* Build configuration list for PBXNativeTarget "KoreaLandMarksApp" */ = {
			isa = XCConfigurationList;
			buildConfigurations = (
				6A92046522C1ED5000BC5524 /* Debug */,
				6A92046622C1ED5000BC5524 /* Release */,
			);
			defaultConfigurationIsVisible = 0;
			defaultConfigurationName = Release;
		};
		6A92046722C1ED5000BC5524 /* Build configuration list for PBXNativeTarget "KoreaLandMarksAppTests" */ = {
			isa = XCConfigurationList;
			buildConfigurations = (
				6A92046822C1ED5000BC5524 /* Debug */,
				6A92046922C1ED5000BC5524 /* Release */,
			);
			defaultConfigurationIsVisible = 0;
			defaultConfigurationName = Release;
		};
		6A92046A22C1ED5000BC5524 /* Build configuration list for PBXNativeTarget "KoreaLandMarksAppUITests" */ = {
			isa = XCConfigurationList;
			buildConfigurations = (
				6A92046B22C1ED5000BC5524 /* Debug */,
				6A92046C22C1ED5000BC5524 /* Release */,
			);
			defaultConfigurationIsVisible = 0;
			defaultConfigurationName = Release;
		};
/* End XCConfigurationList section */
	};
	rootObject = 6A92043022C1ED4F00BC5524 /* Project object */;
}
